PODS:
  - LZDependencyToolkit (2.2.5):
    - LZDependencyToolkit/Category (= 2.2.5)
    - LZDependencyToolkit/Define (= 2.2.5)
    - LZDependencyToolkit/Object (= 2.2.5)
    - LZDependencyToolkit/Struct (= 2.2.5)
  - LZDependencyToolkit/Category (2.2.5):
    - MJRefresh
  - LZDependencyToolkit/Define (2.2.5)
  - LZDependencyToolkit/Object (2.2.5):
    - LZDependencyToolkit/Object/Timer (= 2.2.5)
    - LZDependencyToolkit/Object/Transitioning (= 2.2.5)
  - LZDependencyToolkit/Object/Timer (2.2.5)
  - LZDependencyToolkit/Object/Transitioning (2.2.5)
  - LZDependencyToolkit/Struct (2.2.5):
    - LZDependencyToolkit/Struct/AppUnit (= 2.2.5)
    - LZDependencyToolkit/Struct/CryptoUnit (= 2.2.5)
    - LZDependencyToolkit/Struct/DeviceUnit (= 2.2.5)
    - LZDependencyToolkit/Struct/QuickUnit (= 2.2.5)
  - LZDependencyToolkit/Struct/AppUnit (2.2.5)
  - LZDependencyToolkit/Struct/CryptoUnit (2.2.5)
  - LZDependencyToolkit/Struct/DeviceUnit (2.2.5)
  - LZDependencyToolkit/Struct/QuickUnit (2.2.5)
  - MJRefresh (3.5.0)

DEPENDENCIES:
  - LZDependencyToolkit (from `../`)

SPEC REPOS:
  https://github.com/CocoaPods/Specs.git:
    - MJRefresh

EXTERNAL SOURCES:
  LZDependencyToolkit:
    :path: "../"

SPEC CHECKSUMS:
  LZDependencyToolkit: 4d90ff011a2f72101323d21db737c553b6220787
  MJRefresh: 6afc955813966afb08305477dd7a0d9ad5e79a16

PODFILE CHECKSUM: 7256173d1c33febe1d369943bd7256cf696d3399

COCOAPODS: 1.10.1
