PODS:
  - LZDependencyToolkit (1.9.4):
    - LZDependencyToolkit/Category (= 1.9.4)
    - LZDependencyToolkit/Define (= 1.9.4)
    - LZDependencyToolkit/Object (= 1.9.4)
    - LZDependencyToolkit/Struct (= 1.9.4)
  - LZDependencyToolkit/Category (1.9.4):
    - MJRefresh
  - LZDependencyToolkit/Define (1.9.4)
  - LZDependencyToolkit/Object (1.9.4)
  - LZDependencyToolkit/Struct (1.9.4):
    - LZDependencyToolkit/Struct/AppUnit (= 1.9.4)
    - LZDependencyToolkit/Struct/CryptoUnit (= 1.9.4)
    - LZDependencyToolkit/Struct/DeviceUnit (= 1.9.4)
    - LZDependencyToolkit/Struct/QuickUnit (= 1.9.4)
  - LZDependencyToolkit/Struct/AppUnit (1.9.4)
  - LZDependencyToolkit/Struct/CryptoUnit (1.9.4)
  - LZDependencyToolkit/Struct/DeviceUnit (1.9.4)
  - LZDependencyToolkit/Struct/QuickUnit (1.9.4)
  - MJRefresh (3.5.0)

DEPENDENCIES:
  - LZDependencyToolkit (from `../`)

SPEC REPOS:
  https://github.com/CocoaPods/Specs.git:
    - MJRefresh

EXTERNAL SOURCES:
  LZDependencyToolkit:
    :path: "../"

SPEC CHECKSUMS:
  LZDependencyToolkit: 5088a2f139ee8cbf18aa722713a7128654b29f44
  MJRefresh: 6afc955813966afb08305477dd7a0d9ad5e79a16

PODFILE CHECKSUM: 1f6bd7c4bb306c5589f56a7d7be95899c07573ca

COCOAPODS: 1.9.3
