PODS:
  - LZDependencyToolkit (1.4.2):
    - LZDependencyToolkit/Category (= 1.4.2)
    - LZDependencyToolkit/Define (= 1.4.2)
    - LZDependencyToolkit/Object (= 1.4.2)
    - LZDependencyToolkit/Struct (= 1.4.2)
  - LZDependencyToolkit/Category (1.4.2):
    - MJRefresh
  - LZDependencyToolkit/Define (1.4.2)
  - LZDependencyToolkit/Object (1.4.2)
  - LZDependencyToolkit/Struct (1.4.2):
    - LZDependencyToolkit/Struct/AppUnit (= 1.4.2)
    - LZDependencyToolkit/Struct/CryptoUnit (= 1.4.2)
    - LZDependencyToolkit/Struct/DeviceUnit (= 1.4.2)
    - LZDependencyToolkit/Struct/QuickUnit (= 1.4.2)
  - LZDependencyToolkit/Struct/AppUnit (1.4.2)
  - LZDependencyToolkit/Struct/CryptoUnit (1.4.2)
  - LZDependencyToolkit/Struct/DeviceUnit (1.4.2)
  - LZDependencyToolkit/Struct/QuickUnit (1.4.2)
  - MJRefresh (3.3.1)

DEPENDENCIES:
  - LZDependencyToolkit (from `../`)

SPEC REPOS:
  trunk:
    - MJRefresh

EXTERNAL SOURCES:
  LZDependencyToolkit:
    :path: "../"

SPEC CHECKSUMS:
  LZDependencyToolkit: 1495322a1f56aa9523a5ab53815f7d56e7d0b3c7
  MJRefresh: eeda70fbf0ad277f3178cef1cd0c3532591d6237

PODFILE CHECKSUM: b0c7171b0652b3b2aaf1354b7fc5599d83f886ac

COCOAPODS: 1.8.3
